{
    "_readme": [
        "This file locks the dependencies of your project to a known state",
        "Read more about it at https://getcomposer.org/doc/01-basic-usage.md#composer-lock-the-lock-file",
        "This file is @generated automatically"
    ],
    "hash": "3602e4a26580188962474f51520a4e0b",
    "content-hash": "3b3f5bfc51443ba29291e80e473e625d",
    "packages": [
        {
            "name": "avalara/avatax",
            "version": "15.5.1",
            "source": {
                "type": "git",
                "url": "https://github.com/avadev/AvaTax-Calc-SOAP-PHP.git",
                "reference": "497c4bc6528d24f556781f0defab61230a51c484"
            },
            "dist": {
                "type": "zip",
                "url": "https://api.github.com/repos/avadev/AvaTax-Calc-SOAP-PHP/zipball/497c4bc6528d24f556781f0defab61230a51c484",
                "reference": "497c4bc6528d24f556781f0defab61230a51c484",
                "shasum": ""
            },
            "require": {
                "php": ">=5.3.0"
            },
            "type": "library",
            "autoload": {
                "psr-4": {
                    "AvaTax\\": "AvaTax"
                }
            },
            "notification-url": "https://packagist.org/downloads/",
            "description": "A set of classes to assist with integration to the Avalara AvaTax SOAP API.",
            "time": "2016-04-01 23:06:20"
        }
    ],
    "packages-dev": [],
    "aliases": [],
    "minimum-stability": "dev",
    "stability-flags": [],
    "prefer-stable": false,
    "prefer-lowest": false,
    "platform": [],
    "platform-dev": []
}
